{
  "version": 4,
  "terraform_version": "1.3.4",
  "serial": 4,
  "lineage": "c3f05384-c227-cd71-fddc-7853da706800",
  "outputs": {},
  "resources": [
    {
      "mode": "managed",
      "type": "azurerm_cdn_endpoint",
      "name": "cdn-endpoint",
      "provider": "provider[\"registry.terraform.io/hashicorp/azurerm\"]",
      "instances": [
        {
          "index_key": 0,
          "schema_version": 1,
          "attributes": {
            "content_types_to_compress": [],
            "delivery_rule": [],
            "fqdn": "vncdnprofile.azureedge.net",
            "geo_filter": [],
            "global_delivery_rule": [],
            "id": "/subscriptions/f693f291-3bd0-4038-861c-56769a6e0a28/resourceGroups/sayeers/providers/Microsoft.Cdn/profiles/vncdnprofile/endpoints/vncdnprofile",
            "is_compression_enabled": false,
            "is_http_allowed": true,
            "is_https_allowed": true,
            "location": "eastus",
            "name": "vncdnprofile",
            "optimization_type": "",
            "origin": [
              {
                "host_name": "viralnationstorageacc.z13.web.core.windows.net",
                "http_port": 80,
                "https_port": 443,
                "name": "websiteorginaccount"
              }
            ],
            "origin_host_header": "viralnationstorageacc.z13.web.core.windows.net",
            "origin_path": "",
            "probe_path": "",
            "profile_name": "vncdnprofile",
            "querystring_caching_behaviour": "IgnoreQueryString",
            "resource_group_name": "sayeers",
            "tags": null,
            "timeouts": null
          },
          "sensitive_attributes": [],
          "private": "eyJlMmJmYjczMC1lY2FhLTExZTYtOGY4OC0zNDM2M2JjN2M0YzAiOnsiY3JlYXRlIjoxODAwMDAwMDAwMDAwLCJkZWxldGUiOjE4MDAwMDAwMDAwMDAsInJlYWQiOjMwMDAwMDAwMDAwMCwidXBkYXRlIjoxODAwMDAwMDAwMDAwfSwic2NoZW1hX3ZlcnNpb24iOiIxIn0=",
          "dependencies": [
            "azurerm_cdn_profile.vn_cdn_profile",
            "azurerm_storage_account.viralnationstorageacc"
          ]
        }
      ]
    },
    {
      "mode": "managed",
      "type": "azurerm_cdn_profile",
      "name": "vn_cdn_profile",
      "provider": "provider[\"registry.terraform.io/hashicorp/azurerm\"]",
      "instances": [
        {
          "index_key": 0,
          "schema_version": 1,
          "attributes": {
            "id": "/subscriptions/f693f291-3bd0-4038-861c-56769a6e0a28/resourceGroups/sayeers/providers/Microsoft.Cdn/profiles/vncdnprofile",
            "location": "eastus",
            "name": "vncdnprofile",
            "resource_group_name": "sayeers",
            "sku": "Standard_Verizon",
            "tags": null,
            "timeouts": null
          },
          "sensitive_attributes": [],
          "private": "eyJlMmJmYjczMC1lY2FhLTExZTYtOGY4OC0zNDM2M2JjN2M0YzAiOnsiY3JlYXRlIjoxODAwMDAwMDAwMDAwLCJkZWxldGUiOjE4MDAwMDAwMDAwMDAsInJlYWQiOjMwMDAwMDAwMDAwMCwidXBkYXRlIjoxODAwMDAwMDAwMDAwfSwic2NoZW1hX3ZlcnNpb24iOiIxIn0="
        }
      ]
    },
    {
      "mode": "managed",
      "type": "azurerm_storage_account",
      "name": "viralnationstorageacc",
      "provider": "provider[\"registry.terraform.io/hashicorp/azurerm\"]",
      "instances": [
        {
          "schema_version": 3,
          "attributes": {
            "access_tier": "Hot",
            "account_kind": "StorageV2",
            "account_replication_type": "GRS",
            "account_tier": "Standard",
            "allow_nested_items_to_be_public": true,
            "allowed_copy_scope": "",
            "azure_files_authentication": [],
            "blob_properties": [
              {
                "change_feed_enabled": false,
                "change_feed_retention_in_days": 0,
                "container_delete_retention_policy": [],
                "cors_rule": [],
                "default_service_version": "",
                "delete_retention_policy": [],
                "last_access_time_enabled": false,
                "restore_policy": [],
                "versioning_enabled": false
              }
            ],
            "cross_tenant_replication_enabled": true,
            "custom_domain": [],
            "customer_managed_key": [],
            "default_to_oauth_authentication": false,
            "edge_zone": "",
            "enable_https_traffic_only": true,
            "id": "/subscriptions/f693f291-3bd0-4038-861c-56769a6e0a28/resourceGroups/sayeers/providers/Microsoft.Storage/storageAccounts/viralnationstorageacc",
            "identity": [],
            "immutability_policy": [],
            "infrastructure_encryption_enabled": false,
            "is_hns_enabled": false,
            "large_file_share_enabled": null,
            "location": "eastus",
            "min_tls_version": "TLS1_2",
            "name": "viralnationstorageacc",
            "network_rules": [
              {
                "bypass": [
                  "AzureServices"
                ],
                "default_action": "Allow",
                "ip_rules": [],
                "private_link_access": [],
                "virtual_network_subnet_ids": []
              }
            ],
            "nfsv3_enabled": false,
            "primary_access_key": "lQitzpHhtf3kTyDxKjEUn/BfD6Tew+j0DAfAocaOXbObv+YuhqMzNWsaUaBaUxNwEgl2jNU1U2MW+ASt4EAFYA==",
            "primary_blob_connection_string": "DefaultEndpointsProtocol=https;BlobEndpoint=https://viralnationstorageacc.blob.core.windows.net/;AccountName=viralnationstorageacc;AccountKey=lQitzpHhtf3kTyDxKjEUn/BfD6Tew+j0DAfAocaOXbObv+YuhqMzNWsaUaBaUxNwEgl2jNU1U2MW+ASt4EAFYA==",
            "primary_blob_endpoint": "https://viralnationstorageacc.blob.core.windows.net/",
            "primary_blob_host": "viralnationstorageacc.blob.core.windows.net",
            "primary_connection_string": "DefaultEndpointsProtocol=https;AccountName=viralnationstorageacc;AccountKey=lQitzpHhtf3kTyDxKjEUn/BfD6Tew+j0DAfAocaOXbObv+YuhqMzNWsaUaBaUxNwEgl2jNU1U2MW+ASt4EAFYA==;EndpointSuffix=core.windows.net",
            "primary_dfs_endpoint": "https://viralnationstorageacc.dfs.core.windows.net/",
            "primary_dfs_host": "viralnationstorageacc.dfs.core.windows.net",
            "primary_file_endpoint": "https://viralnationstorageacc.file.core.windows.net/",
            "primary_file_host": "viralnationstorageacc.file.core.windows.net",
            "primary_location": "eastus",
            "primary_queue_endpoint": "https://viralnationstorageacc.queue.core.windows.net/",
            "primary_queue_host": "viralnationstorageacc.queue.core.windows.net",
            "primary_table_endpoint": "https://viralnationstorageacc.table.core.windows.net/",
            "primary_table_host": "viralnationstorageacc.table.core.windows.net",
            "primary_web_endpoint": "https://viralnationstorageacc.z13.web.core.windows.net/",
            "primary_web_host": "viralnationstorageacc.z13.web.core.windows.net",
            "public_network_access_enabled": true,
            "queue_encryption_key_type": "Service",
            "queue_properties": [
              {
                "cors_rule": [],
                "hour_metrics": [
                  {
                    "enabled": true,
                    "include_apis": true,
                    "retention_policy_days": 7,
                    "version": "1.0"
                  }
                ],
                "logging": [
                  {
                    "delete": false,
                    "read": false,
                    "retention_policy_days": 0,
                    "version": "1.0",
                    "write": false
                  }
                ],
                "minute_metrics": [
                  {
                    "enabled": false,
                    "include_apis": false,
                    "retention_policy_days": 0,
                    "version": "1.0"
                  }
                ]
              }
            ],
            "resource_group_name": "sayeers",
            "routing": [],
            "sas_policy": [],
            "secondary_access_key": "8Qn37ek1ANA8Z8t/NotrdR0ltARZ8pi2IOBW3yYu4dBkKb9lQJLKuWt5Xp2QAZexAoUNQfCjuGGk+AStleLwzg==",
            "secondary_blob_connection_string": "",
            "secondary_blob_endpoint": null,
            "secondary_blob_host": null,
            "secondary_connection_string": "DefaultEndpointsProtocol=https;AccountName=viralnationstorageacc;AccountKey=8Qn37ek1ANA8Z8t/NotrdR0ltARZ8pi2IOBW3yYu4dBkKb9lQJLKuWt5Xp2QAZexAoUNQfCjuGGk+AStleLwzg==;EndpointSuffix=core.windows.net",
            "secondary_dfs_endpoint": null,
            "secondary_dfs_host": null,
            "secondary_file_endpoint": null,
            "secondary_file_host": null,
            "secondary_location": "westus",
            "secondary_queue_endpoint": null,
            "secondary_queue_host": null,
            "secondary_table_endpoint": null,
            "secondary_table_host": null,
            "secondary_web_endpoint": null,
            "secondary_web_host": null,
            "sftp_enabled": false,
            "share_properties": [
              {
                "cors_rule": [],
                "retention_policy": [
                  {
                    "days": 7
                  }
                ],
                "smb": []
              }
            ],
            "shared_access_key_enabled": true,
            "static_website": [
              {
                "error_404_document": "",
                "index_document": "index.html"
              }
            ],
            "table_encryption_key_type": "Service",
            "tags": null,
            "timeouts": null
          },
          "sensitive_attributes": [],
          "private": "eyJlMmJmYjczMC1lY2FhLTExZTYtOGY4OC0zNDM2M2JjN2M0YzAiOnsiY3JlYXRlIjozNjAwMDAwMDAwMDAwLCJkZWxldGUiOjM2MDAwMDAwMDAwMDAsInJlYWQiOjMwMDAwMDAwMDAwMCwidXBkYXRlIjozNjAwMDAwMDAwMDAwfSwic2NoZW1hX3ZlcnNpb24iOiIzIn0="
        }
      ]
    }
  ],
  "check_results": null
}
